
Microsoft Visual Studio Solution File, Format Version 12.00
# Visual Studio Version 17
VisualStudioVersion = 17.0.31903.59
MinimumVisualStudioVersion = 10.0.40219.1
Project("{FAE04EC0-301F-11D3-BF4B-00C04F79EFBC}") = "DataStructures.LinkedLists", "src\DataStructures.LinkedLists\DataStructures.LinkedLists.csproj", "{922882C4-8934-4F26-AEBE-6693D286D0AD}"
EndProject
Project("{2150E333-8FDC-42A3-9474-1A3956D46DE8}") = "src", "src", "{5D6ED5A9-688E-41F7-8FEA-9709A762B952}"
EndProject
Project("{2150E333-8FDC-42A3-9474-1A3956D46DE8}") = "test", "test", "{ECAFD4A0-2ABB-403C-8B2D-6D39E62A1418}"
EndProject
Project("{FAE04EC0-301F-11D3-BF4B-00C04F79EFBC}") = "DataStructures.LInkedLists.Tests", "test\DataStructures.LInkedLists.Tests\DataStructures.LInkedLists.Tests.csproj", "{7425942B-BBC8-4E61-9CAC-BC48B025BCED}"
EndProject
Project("{2150E333-8FDC-42A3-9474-1A3956D46DE8}") = "solutionItems", "solutionItems", "{059274B4-C768-4F37-A105-9CCA8E65CCF9}"
	ProjectSection(SolutionItems) = preProject
		.gitignore = .gitignore
	EndProjectSection
EndProject
Global
	GlobalSection(SolutionConfigurationPlatforms) = preSolution
		Debug|Any CPU = Debug|Any CPU
		Release|Any CPU = Release|Any CPU
	EndGlobalSection
	GlobalSection(SolutionProperties) = preSolution
		HideSolutionNode = FALSE
	EndGlobalSection
	GlobalSection(ProjectConfigurationPlatforms) = postSolution
		{922882C4-8934-4F26-AEBE-6693D286D0AD}.Debug|Any CPU.ActiveCfg = Debug|Any CPU
		{922882C4-8934-4F26-AEBE-6693D286D0AD}.Debug|Any CPU.Build.0 = Debug|Any CPU
		{922882C4-8934-4F26-AEBE-6693D286D0AD}.Release|Any CPU.ActiveCfg = Release|Any CPU
		{922882C4-8934-4F26-AEBE-6693D286D0AD}.Release|Any CPU.Build.0 = Release|Any CPU
		{7425942B-BBC8-4E61-9CAC-BC48B025BCED}.Debug|Any CPU.ActiveCfg = Debug|Any CPU
		{7425942B-BBC8-4E61-9CAC-BC48B025BCED}.Debug|Any CPU.Build.0 = Debug|Any CPU
		{7425942B-BBC8-4E61-9CAC-BC48B025BCED}.Release|Any CPU.ActiveCfg = Release|Any CPU
		{7425942B-BBC8-4E61-9CAC-BC48B025BCED}.Release|Any CPU.Build.0 = Release|Any CPU
	EndGlobalSection
	GlobalSection(NestedProjects) = preSolution
		{922882C4-8934-4F26-AEBE-6693D286D0AD} = {5D6ED5A9-688E-41F7-8FEA-9709A762B952}
		{7425942B-BBC8-4E61-9CAC-BC48B025BCED} = {ECAFD4A0-2ABB-403C-8B2D-6D39E62A1418}
	EndGlobalSection
EndGlobal
