
Microsoft Visual Studio Solution File, Format Version 12.00
# Visual Studio Version 17
VisualStudioVersion = 17.0.31903.59
MinimumVisualStudioVersion = 10.0.40219.1
Project("{FAE04EC0-301F-11D3-BF4B-00C04F79EFBC}") = "DataStructures.LinkedLists", "src\DataStructures.LinkedLists\DataStructures.LinkedLists.csproj", "{922882C4-8934-4F26-AEBE-6693D286D0AD}"
EndProject
Project("{2150E333-8FDC-42A3-9474-1A3956D46DE8}") = "src", "src", "{5D6ED5A9-688E-41F7-8FEA-9709A762B952}"
EndProject
Project("{2150E333-8FDC-42A3-9474-1A3956D46DE8}") = "test", "test", "{ECAFD4A0-2ABB-403C-8B2D-6D39E62A1418}"
EndProject
Project("{FAE04EC0-301F-11D3-BF4B-00C04F79EFBC}") = "DataStructures.LinkedLists.Tests", "test\DataStructures.LInkedLists.Tests\DataStructures.LinkedLists.Tests.csproj", "{7425942B-BBC8-4E61-9CAC-BC48B025BCED}"
EndProject
Project("{2150E333-8FDC-42A3-9474-1A3956D46DE8}") = "solutionItems", "solutionItems", "{059274B4-C768-4F37-A105-9CCA8E65CCF9}"
	ProjectSection(SolutionItems) = preProject
		.gitignore = .gitignore
	EndProjectSection
EndProject
Project("{FAE04EC0-301F-11D3-BF4B-00C04F79EFBC}") = "DataStructures.Trees", "src\DataStructures.Trees\DataStructures.Trees.csproj", "{057C1883-81F1-4094-AA76-284AA4BD4D38}"
EndProject
Project("{FAE04EC0-301F-11D3-BF4B-00C04F79EFBC}") = "DataStructures.Trees.Tests", "test\DataStructures.Trees.Tests\DataStructures.Trees.Tests.csproj", "{CD43A91C-B564-4EDA-AFE3-130F3A469BF2}"
EndProject
Project("{FAE04EC0-301F-11D3-BF4B-00C04F79EFBC}") = "Algorithms.Sorting", "src\Algorighms.Sorting\Algorithms.Sorting.csproj", "{7CEE54A2-3A89-4B54-B7EF-ACEA540CE44A}"
EndProject
Project("{FAE04EC0-301F-11D3-BF4B-00C04F79EFBC}") = "Algorithms.Sorting.Tests", "test\Algorithms.Sorting.Tests\Algorithms.Sorting.Tests.csproj", "{DC034ACD-69D0-4363-A6C1-8E2A1C562A09}"
EndProject
Project("{2150E333-8FDC-42A3-9474-1A3956D46DE8}") = "benchmarks", "benchmarks", "{E4969F86-9BF8-4B92-8EAB-16F68FFAA1C8}"
EndProject
Project("{FAE04EC0-301F-11D3-BF4B-00C04F79EFBC}") = "Algorithms", "benchmarks\Algorithms\Algorithms.csproj", "{2AB08C96-8FBB-4DE7-85E8-E0DBCC4B37EB}"
EndProject
Global
	GlobalSection(SolutionConfigurationPlatforms) = preSolution
		Debug|Any CPU = Debug|Any CPU
		Release|Any CPU = Release|Any CPU
	EndGlobalSection
	GlobalSection(ProjectConfigurationPlatforms) = postSolution
		{922882C4-8934-4F26-AEBE-6693D286D0AD}.Debug|Any CPU.ActiveCfg = Debug|Any CPU
		{922882C4-8934-4F26-AEBE-6693D286D0AD}.Debug|Any CPU.Build.0 = Debug|Any CPU
		{922882C4-8934-4F26-AEBE-6693D286D0AD}.Release|Any CPU.ActiveCfg = Release|Any CPU
		{922882C4-8934-4F26-AEBE-6693D286D0AD}.Release|Any CPU.Build.0 = Release|Any CPU
		{7425942B-BBC8-4E61-9CAC-BC48B025BCED}.Debug|Any CPU.ActiveCfg = Debug|Any CPU
		{7425942B-BBC8-4E61-9CAC-BC48B025BCED}.Debug|Any CPU.Build.0 = Debug|Any CPU
		{7425942B-BBC8-4E61-9CAC-BC48B025BCED}.Release|Any CPU.ActiveCfg = Release|Any CPU
		{7425942B-BBC8-4E61-9CAC-BC48B025BCED}.Release|Any CPU.Build.0 = Release|Any CPU
		{057C1883-81F1-4094-AA76-284AA4BD4D38}.Debug|Any CPU.ActiveCfg = Debug|Any CPU
		{057C1883-81F1-4094-AA76-284AA4BD4D38}.Debug|Any CPU.Build.0 = Debug|Any CPU
		{057C1883-81F1-4094-AA76-284AA4BD4D38}.Release|Any CPU.ActiveCfg = Release|Any CPU
		{057C1883-81F1-4094-AA76-284AA4BD4D38}.Release|Any CPU.Build.0 = Release|Any CPU
		{CD43A91C-B564-4EDA-AFE3-130F3A469BF2}.Debug|Any CPU.ActiveCfg = Debug|Any CPU
		{CD43A91C-B564-4EDA-AFE3-130F3A469BF2}.Debug|Any CPU.Build.0 = Debug|Any CPU
		{CD43A91C-B564-4EDA-AFE3-130F3A469BF2}.Release|Any CPU.ActiveCfg = Release|Any CPU
		{CD43A91C-B564-4EDA-AFE3-130F3A469BF2}.Release|Any CPU.Build.0 = Release|Any CPU
		{7CEE54A2-3A89-4B54-B7EF-ACEA540CE44A}.Debug|Any CPU.ActiveCfg = Debug|Any CPU
		{7CEE54A2-3A89-4B54-B7EF-ACEA540CE44A}.Debug|Any CPU.Build.0 = Debug|Any CPU
		{7CEE54A2-3A89-4B54-B7EF-ACEA540CE44A}.Release|Any CPU.ActiveCfg = Release|Any CPU
		{7CEE54A2-3A89-4B54-B7EF-ACEA540CE44A}.Release|Any CPU.Build.0 = Release|Any CPU
		{DC034ACD-69D0-4363-A6C1-8E2A1C562A09}.Debug|Any CPU.ActiveCfg = Debug|Any CPU
		{DC034ACD-69D0-4363-A6C1-8E2A1C562A09}.Debug|Any CPU.Build.0 = Debug|Any CPU
		{DC034ACD-69D0-4363-A6C1-8E2A1C562A09}.Release|Any CPU.ActiveCfg = Release|Any CPU
		{DC034ACD-69D0-4363-A6C1-8E2A1C562A09}.Release|Any CPU.Build.0 = Release|Any CPU
		{2AB08C96-8FBB-4DE7-85E8-E0DBCC4B37EB}.Debug|Any CPU.ActiveCfg = Debug|Any CPU
		{2AB08C96-8FBB-4DE7-85E8-E0DBCC4B37EB}.Debug|Any CPU.Build.0 = Debug|Any CPU
		{2AB08C96-8FBB-4DE7-85E8-E0DBCC4B37EB}.Release|Any CPU.ActiveCfg = Release|Any CPU
		{2AB08C96-8FBB-4DE7-85E8-E0DBCC4B37EB}.Release|Any CPU.Build.0 = Release|Any CPU
	EndGlobalSection
	GlobalSection(SolutionProperties) = preSolution
		HideSolutionNode = FALSE
	EndGlobalSection
	GlobalSection(NestedProjects) = preSolution
		{922882C4-8934-4F26-AEBE-6693D286D0AD} = {5D6ED5A9-688E-41F7-8FEA-9709A762B952}
		{7425942B-BBC8-4E61-9CAC-BC48B025BCED} = {ECAFD4A0-2ABB-403C-8B2D-6D39E62A1418}
		{057C1883-81F1-4094-AA76-284AA4BD4D38} = {5D6ED5A9-688E-41F7-8FEA-9709A762B952}
		{CD43A91C-B564-4EDA-AFE3-130F3A469BF2} = {ECAFD4A0-2ABB-403C-8B2D-6D39E62A1418}
		{7CEE54A2-3A89-4B54-B7EF-ACEA540CE44A} = {5D6ED5A9-688E-41F7-8FEA-9709A762B952}
		{DC034ACD-69D0-4363-A6C1-8E2A1C562A09} = {ECAFD4A0-2ABB-403C-8B2D-6D39E62A1418}
		{2AB08C96-8FBB-4DE7-85E8-E0DBCC4B37EB} = {E4969F86-9BF8-4B92-8EAB-16F68FFAA1C8}
	EndGlobalSection
EndGlobal
